
Microsoft Visual Studio Solution File, Format Version 12.00
# Visual Studio Version 17
VisualStudioVersion = 17.5.002.0
MinimumVisualStudioVersion = 10.0.40219.1
Project("{2150E333-8FDC-42A3-9474-1A3956D46DE8}") = "csharp-prep", "csharp-prep", "{F4353889-9D0A-4F6C-87E3-F9B77279C624}"
EndProject
Project("{9A19103F-16F7-4668-BE54-9A1E7A4F7556}") = "Prep1", "csharp-prep\Prep1\Prep1.csproj", "{772CE94D-7BD1-439D-A2A1-FCA53535BDBD}"
EndProject
Project("{9A19103F-16F7-4668-BE54-9A1E7A4F7556}") = "Prep2", "csharp-prep\Prep2\Prep2.csproj", "{3B23C5F8-4B5F-4FDA-A890-08E4F1AFD572}"
EndProject
Project("{9A19103F-16F7-4668-BE54-9A1E7A4F7556}") = "Prep3", "csharp-prep\Prep3\Prep3.csproj", "{F03D915B-B62E-4E81-887D-A05E4A99CF88}"
EndProject
Project("{9A19103F-16F7-4668-BE54-9A1E7A4F7556}") = "Prep4", "csharp-prep\Prep4\Prep4.csproj", "{5D19B6A9-8A3C-4164-9BD1-C77E4278C8DE}"
EndProject
Project("{9A19103F-16F7-4668-BE54-9A1E7A4F7556}") = "Prep5", "csharp-prep\Prep5\Prep5.csproj", "{0751E5D7-43DD-4BF8-978D-E8D13765AF47}"
EndProject
Project("{2150E333-8FDC-42A3-9474-1A3956D46DE8}") = "final", "final", "{7755CAA1-61A6-4E17-A317-829674F6CD87}"
EndProject
Project("{9A19103F-16F7-4668-BE54-9A1E7A4F7556}") = "FinalProject", "final\FinalProject\FinalProject.csproj", "{DC1C6F6A-4D02-4C5E-BAA0-8DEFA5AEF93C}"
EndProject
Project("{9A19103F-16F7-4668-BE54-9A1E7A4F7556}") = "Foundation1", "final\Foundation1\Foundation1.csproj", "{E9537090-CCE8-4260-A8EA-9EDC8DC83DB6}"
EndProject
Project("{9A19103F-16F7-4668-BE54-9A1E7A4F7556}") = "Foundation2", "final\Foundation2\Foundation2.csproj", "{47A68698-3EEF-4215-8812-8DF8B1BDBE55}"
EndProject
Project("{9A19103F-16F7-4668-BE54-9A1E7A4F7556}") = "Foundation3", "final\Foundation3\Foundation3.csproj", "{348874D2-ED71-4519-A5A0-2874F24828AB}"
EndProject
Project("{9A19103F-16F7-4668-BE54-9A1E7A4F7556}") = "Foundation4", "final\Foundation4\Foundation4.csproj", "{9C9B08B3-CB58-4E3A-9290-CE31F2E73D45}"
EndProject
Project("{2150E333-8FDC-42A3-9474-1A3956D46DE8}") = "prepare", "prepare", "{E3A66347-46B8-4139-9C11-905A01004A4C}"
EndProject
Project("{9A19103F-16F7-4668-BE54-9A1E7A4F7556}") = "Learning02", "prepare\Learning02\Learning02.csproj", "{A0E6EEE0-1A8A-4197-A038-EFD4AB4DCD2F}"
EndProject
Project("{9A19103F-16F7-4668-BE54-9A1E7A4F7556}") = "Learning03", "prepare\Learning03\Learning03.csproj", "{1B7ECDAB-70AD-4E0B-BDA4-40973AC9E27E}"
EndProject
Project("{9A19103F-16F7-4668-BE54-9A1E7A4F7556}") = "Learning04", "prepare\Learning04\Learning04.csproj", "{C121C782-B352-4D94-A3BC-F47E47BAE9E9}"
EndProject
Project("{9A19103F-16F7-4668-BE54-9A1E7A4F7556}") = "Learning05", "prepare\Learning05\Learning05.csproj", "{410B5AD1-FF93-46CF-9019-F98DE476A09E}"
EndProject
Project("{2150E333-8FDC-42A3-9474-1A3956D46DE8}") = "prove", "prove", "{34D0F6B4-4B2E-43D3-BE58-61D7520C4FB7}"
EndProject
Project("{9A19103F-16F7-4668-BE54-9A1E7A4F7556}") = "Develop02", "prove\Develop02\Develop02.csproj", "{D3EF8389-7149-4149-B608-48FFBD34AE0E}"
EndProject
Project("{9A19103F-16F7-4668-BE54-9A1E7A4F7556}") = "Develop03", "prove\Develop03\Develop03.csproj", "{5BF88B14-4667-485D-A401-0DC535EDC6C3}"
EndProject
Project("{9A19103F-16F7-4668-BE54-9A1E7A4F7556}") = "Develop04", "prove\Develop04\Develop04.csproj", "{4468C906-4723-4275-B494-F35B07459868}"
EndProject
Project("{9A19103F-16F7-4668-BE54-9A1E7A4F7556}") = "Develop05", "prove\Develop05\Develop05.csproj", "{8FCE532B-9B34-4FAC-9DD4-A9EF6C838D98}"
EndProject
Project("{2150E333-8FDC-42A3-9474-1A3956D46DE8}") = "sandbox", "sandbox", "{8D9C8048-7AB2-4FC2-9478-0A789E1364F0}"
EndProject
Project("{9A19103F-16F7-4668-BE54-9A1E7A4F7556}") = "Sandbox", "sandbox\Sandbox\Sandbox.csproj", "{0A2E3B48-C294-49C0-ACC3-9A3BB213211F}"
EndProject
Global
	GlobalSection(SolutionConfigurationPlatforms) = preSolution
		Debug|Any CPU = Debug|Any CPU
		Release|Any CPU = Release|Any CPU
	EndGlobalSection
	GlobalSection(ProjectConfigurationPlatforms) = postSolution
		{772CE94D-7BD1-439D-A2A1-FCA53535BDBD}.Debug|Any CPU.ActiveCfg = Debug|Any CPU
		{772CE94D-7BD1-439D-A2A1-FCA53535BDBD}.Debug|Any CPU.Build.0 = Debug|Any CPU
		{772CE94D-7BD1-439D-A2A1-FCA53535BDBD}.Release|Any CPU.ActiveCfg = Release|Any CPU
		{772CE94D-7BD1-439D-A2A1-FCA53535BDBD}.Release|Any CPU.Build.0 = Release|Any CPU
		{3B23C5F8-4B5F-4FDA-A890-08E4F1AFD572}.Debug|Any CPU.ActiveCfg = Debug|Any CPU
		{3B23C5F8-4B5F-4FDA-A890-08E4F1AFD572}.Debug|Any CPU.Build.0 = Debug|Any CPU
		{3B23C5F8-4B5F-4FDA-A890-08E4F1AFD572}.Release|Any CPU.ActiveCfg = Release|Any CPU
		{3B23C5F8-4B5F-4FDA-A890-08E4F1AFD572}.Release|Any CPU.Build.0 = Release|Any CPU
		{F03D915B-B62E-4E81-887D-A05E4A99CF88}.Debug|Any CPU.ActiveCfg = Debug|Any CPU
		{F03D915B-B62E-4E81-887D-A05E4A99CF88}.Debug|Any CPU.Build.0 = Debug|Any CPU
		{F03D915B-B62E-4E81-887D-A05E4A99CF88}.Release|Any CPU.ActiveCfg = Release|Any CPU
		{F03D915B-B62E-4E81-887D-A05E4A99CF88}.Release|Any CPU.Build.0 = Release|Any CPU
		{5D19B6A9-8A3C-4164-9BD1-C77E4278C8DE}.Debug|Any CPU.ActiveCfg = Debug|Any CPU
		{5D19B6A9-8A3C-4164-9BD1-C77E4278C8DE}.Debug|Any CPU.Build.0 = Debug|Any CPU
		{5D19B6A9-8A3C-4164-9BD1-C77E4278C8DE}.Release|Any CPU.ActiveCfg = Release|Any CPU
		{5D19B6A9-8A3C-4164-9BD1-C77E4278C8DE}.Release|Any CPU.Build.0 = Release|Any CPU
		{0751E5D7-43DD-4BF8-978D-E8D13765AF47}.Debug|Any CPU.ActiveCfg = Debug|Any CPU
		{0751E5D7-43DD-4BF8-978D-E8D13765AF47}.Debug|Any CPU.Build.0 = Debug|Any CPU
		{0751E5D7-43DD-4BF8-978D-E8D13765AF47}.Release|Any CPU.ActiveCfg = Release|Any CPU
		{0751E5D7-43DD-4BF8-978D-E8D13765AF47}.Release|Any CPU.Build.0 = Release|Any CPU
		{DC1C6F6A-4D02-4C5E-BAA0-8DEFA5AEF93C}.Debug|Any CPU.ActiveCfg = Debug|Any CPU
		{DC1C6F6A-4D02-4C5E-BAA0-8DEFA5AEF93C}.Debug|Any CPU.Build.0 = Debug|Any CPU
		{DC1C6F6A-4D02-4C5E-BAA0-8DEFA5AEF93C}.Release|Any CPU.ActiveCfg = Release|Any CPU
		{DC1C6F6A-4D02-4C5E-BAA0-8DEFA5AEF93C}.Release|Any CPU.Build.0 = Release|Any CPU
		{E9537090-CCE8-4260-A8EA-9EDC8DC83DB6}.Debug|Any CPU.ActiveCfg = Debug|Any CPU
		{E9537090-CCE8-4260-A8EA-9EDC8DC83DB6}.Debug|Any CPU.Build.0 = Debug|Any CPU
		{E9537090-CCE8-4260-A8EA-9EDC8DC83DB6}.Release|Any CPU.ActiveCfg = Release|Any CPU
		{E9537090-CCE8-4260-A8EA-9EDC8DC83DB6}.Release|Any CPU.Build.0 = Release|Any CPU
		{47A68698-3EEF-4215-8812-8DF8B1BDBE55}.Debug|Any CPU.ActiveCfg = Debug|Any CPU
		{47A68698-3EEF-4215-8812-8DF8B1BDBE55}.Debug|Any CPU.Build.0 = Debug|Any CPU
		{47A68698-3EEF-4215-8812-8DF8B1BDBE55}.Release|Any CPU.ActiveCfg = Release|Any CPU
		{47A68698-3EEF-4215-8812-8DF8B1BDBE55}.Release|Any CPU.Build.0 = Release|Any CPU
		{348874D2-ED71-4519-A5A0-2874F24828AB}.Debug|Any CPU.ActiveCfg = Debug|Any CPU
		{348874D2-ED71-4519-A5A0-2874F24828AB}.Debug|Any CPU.Build.0 = Debug|Any CPU
		{348874D2-ED71-4519-A5A0-2874F24828AB}.Release|Any CPU.ActiveCfg = Release|Any CPU
		{348874D2-ED71-4519-A5A0-2874F24828AB}.Release|Any CPU.Build.0 = Release|Any CPU
		{9C9B08B3-CB58-4E3A-9290-CE31F2E73D45}.Debug|Any CPU.ActiveCfg = Debug|Any CPU
		{9C9B08B3-CB58-4E3A-9290-CE31F2E73D45}.Debug|Any CPU.Build.0 = Debug|Any CPU
		{9C9B08B3-CB58-4E3A-9290-CE31F2E73D45}.Release|Any CPU.ActiveCfg = Release|Any CPU
		{9C9B08B3-CB58-4E3A-9290-CE31F2E73D45}.Release|Any CPU.Build.0 = Release|Any CPU
		{A0E6EEE0-1A8A-4197-A038-EFD4AB4DCD2F}.Debug|Any CPU.ActiveCfg = Debug|Any CPU
		{A0E6EEE0-1A8A-4197-A038-EFD4AB4DCD2F}.Debug|Any CPU.Build.0 = Debug|Any CPU
		{A0E6EEE0-1A8A-4197-A038-EFD4AB4DCD2F}.Release|Any CPU.ActiveCfg = Release|Any CPU
		{A0E6EEE0-1A8A-4197-A038-EFD4AB4DCD2F}.Release|Any CPU.Build.0 = Release|Any CPU
		{1B7ECDAB-70AD-4E0B-BDA4-40973AC9E27E}.Debug|Any CPU.ActiveCfg = Debug|Any CPU
		{1B7ECDAB-70AD-4E0B-BDA4-40973AC9E27E}.Debug|Any CPU.Build.0 = Debug|Any CPU
		{1B7ECDAB-70AD-4E0B-BDA4-40973AC9E27E}.Release|Any CPU.ActiveCfg = Release|Any CPU
		{1B7ECDAB-70AD-4E0B-BDA4-40973AC9E27E}.Release|Any CPU.Build.0 = Release|Any CPU
		{C121C782-B352-4D94-A3BC-F47E47BAE9E9}.Debug|Any CPU.ActiveCfg = Debug|Any CPU
		{C121C782-B352-4D94-A3BC-F47E47BAE9E9}.Debug|Any CPU.Build.0 = Debug|Any CPU
		{C121C782-B352-4D94-A3BC-F47E47BAE9E9}.Release|Any CPU.ActiveCfg = Release|Any CPU
		{C121C782-B352-4D94-A3BC-F47E47BAE9E9}.Release|Any CPU.Build.0 = Release|Any CPU
		{410B5AD1-FF93-46CF-9019-F98DE476A09E}.Debug|Any CPU.ActiveCfg = Debug|Any CPU
		{410B5AD1-FF93-46CF-9019-F98DE476A09E}.Debug|Any CPU.Build.0 = Debug|Any CPU
		{410B5AD1-FF93-46CF-9019-F98DE476A09E}.Release|Any CPU.ActiveCfg = Release|Any CPU
		{410B5AD1-FF93-46CF-9019-F98DE476A09E}.Release|Any CPU.Build.0 = Release|Any CPU
		{D3EF8389-7149-4149-B608-48FFBD34AE0E}.Debug|Any CPU.ActiveCfg = Debug|Any CPU
		{D3EF8389-7149-4149-B608-48FFBD34AE0E}.Debug|Any CPU.Build.0 = Debug|Any CPU
		{D3EF8389-7149-4149-B608-48FFBD34AE0E}.Release|Any CPU.ActiveCfg = Release|Any CPU
		{D3EF8389-7149-4149-B608-48FFBD34AE0E}.Release|Any CPU.Build.0 = Release|Any CPU
		{5BF88B14-4667-485D-A401-0DC535EDC6C3}.Debug|Any CPU.ActiveCfg = Debug|Any CPU
		{5BF88B14-4667-485D-A401-0DC535EDC6C3}.Debug|Any CPU.Build.0 = Debug|Any CPU
		{5BF88B14-4667-485D-A401-0DC535EDC6C3}.Release|Any CPU.ActiveCfg = Release|Any CPU
		{5BF88B14-4667-485D-A401-0DC535EDC6C3}.Release|Any CPU.Build.0 = Release|Any CPU
		{4468C906-4723-4275-B494-F35B07459868}.Debug|Any CPU.ActiveCfg = Debug|Any CPU
		{4468C906-4723-4275-B494-F35B07459868}.Debug|Any CPU.Build.0 = Debug|Any CPU
		{4468C906-4723-4275-B494-F35B07459868}.Release|Any CPU.ActiveCfg = Release|Any CPU
		{4468C906-4723-4275-B494-F35B07459868}.Release|Any CPU.Build.0 = Release|Any CPU
		{8FCE532B-9B34-4FAC-9DD4-A9EF6C838D98}.Debug|Any CPU.ActiveCfg = Debug|Any CPU
		{8FCE532B-9B34-4FAC-9DD4-A9EF6C838D98}.Debug|Any CPU.Build.0 = Debug|Any CPU
		{8FCE532B-9B34-4FAC-9DD4-A9EF6C838D98}.Release|Any CPU.ActiveCfg = Release|Any CPU
		{8FCE532B-9B34-4FAC-9DD4-A9EF6C838D98}.Release|Any CPU.Build.0 = Release|Any CPU
		{0A2E3B48-C294-49C0-ACC3-9A3BB213211F}.Debug|Any CPU.ActiveCfg = Debug|Any CPU
		{0A2E3B48-C294-49C0-ACC3-9A3BB213211F}.Debug|Any CPU.Build.0 = Debug|Any CPU
		{0A2E3B48-C294-49C0-ACC3-9A3BB213211F}.Release|Any CPU.ActiveCfg = Release|Any CPU
		{0A2E3B48-C294-49C0-ACC3-9A3BB213211F}.Release|Any CPU.Build.0 = Release|Any CPU
	EndGlobalSection
	GlobalSection(SolutionProperties) = preSolution
		HideSolutionNode = FALSE
	EndGlobalSection
	GlobalSection(NestedProjects) = preSolution
		{772CE94D-7BD1-439D-A2A1-FCA53535BDBD} = {F4353889-9D0A-4F6C-87E3-F9B77279C624}
		{3B23C5F8-4B5F-4FDA-A890-08E4F1AFD572} = {F4353889-9D0A-4F6C-87E3-F9B77279C624}
		{F03D915B-B62E-4E81-887D-A05E4A99CF88} = {F4353889-9D0A-4F6C-87E3-F9B77279C624}
		{5D19B6A9-8A3C-4164-9BD1-C77E4278C8DE} = {F4353889-9D0A-4F6C-87E3-F9B77279C624}
		{0751E5D7-43DD-4BF8-978D-E8D13765AF47} = {F4353889-9D0A-4F6C-87E3-F9B77279C624}
		{DC1C6F6A-4D02-4C5E-BAA0-8DEFA5AEF93C} = {7755CAA1-61A6-4E17-A317-829674F6CD87}
		{E9537090-CCE8-4260-A8EA-9EDC8DC83DB6} = {7755CAA1-61A6-4E17-A317-829674F6CD87}
		{47A68698-3EEF-4215-8812-8DF8B1BDBE55} = {7755CAA1-61A6-4E17-A317-829674F6CD87}
		{348874D2-ED71-4519-A5A0-2874F24828AB} = {7755CAA1-61A6-4E17-A317-829674F6CD87}
		{9C9B08B3-CB58-4E3A-9290-CE31F2E73D45} = {7755CAA1-61A6-4E17-A317-829674F6CD87}
		{A0E6EEE0-1A8A-4197-A038-EFD4AB4DCD2F} = {E3A66347-46B8-4139-9C11-905A01004A4C}
		{1B7ECDAB-70AD-4E0B-BDA4-40973AC9E27E} = {E3A66347-46B8-4139-9C11-905A01004A4C}
		{C121C782-B352-4D94-A3BC-F47E47BAE9E9} = {E3A66347-46B8-4139-9C11-905A01004A4C}
		{410B5AD1-FF93-46CF-9019-F98DE476A09E} = {E3A66347-46B8-4139-9C11-905A01004A4C}
		{D3EF8389-7149-4149-B608-48FFBD34AE0E} = {34D0F6B4-4B2E-43D3-BE58-61D7520C4FB7}
		{5BF88B14-4667-485D-A401-0DC535EDC6C3} = {34D0F6B4-4B2E-43D3-BE58-61D7520C4FB7}
		{4468C906-4723-4275-B494-F35B07459868} = {34D0F6B4-4B2E-43D3-BE58-61D7520C4FB7}
		{8FCE532B-9B34-4FAC-9DD4-A9EF6C838D98} = {34D0F6B4-4B2E-43D3-BE58-61D7520C4FB7}
		{0A2E3B48-C294-49C0-ACC3-9A3BB213211F} = {8D9C8048-7AB2-4FC2-9478-0A789E1364F0}
	EndGlobalSection
	GlobalSection(ExtensibilityGlobals) = postSolution
		SolutionGuid = {43A87499-2357-47CD-B818-87D4E101F110}
	EndGlobalSection
EndGlobal
